// !$*UTF8*$!
{
	archiveVersion = 1;
	classes = {
	};
	objectVersion = 50;
	objects = {

/* Begin PBXBuildFile section */
		7A2850A0229BC6DF009E6B54 /* AppDelegate.swift in Sources */ = {isa = PBXBuildFile; fileRef = 7A28509F229BC6DF009E6B54 /* AppDelegate.swift */; };
		7A2850A2229BC6DF009E6B54 /* ViewController.swift in Sources */ = {isa = PBXBuildFile; fileRef = 7A2850A1229BC6DF009E6B54 /* ViewController.swift */; };
		7A2850A5229BC6DF009E6B54 /* Main.storyboard in Resources */ = {isa = PBXBuildFile; fileRef = 7A2850A3229BC6DF009E6B54 /* Main.storyboard */; };
		7A2850A7229BC6E0009E6B54 /* Assets.xcassets in Resources */ = {isa = PBXBuildFile; fileRef = 7A2850A6229BC6E0009E6B54 /* Assets.xcassets */; };
		7A2850AA229BC6E0009E6B54 /* LaunchScreen.storyboard in Resources */ = {isa = PBXBuildFile; fileRef = 7A2850A8229BC6E0009E6B54 /* LaunchScreen.storyboard */; };
		7A2850B5229BC6E0009E6B54 /* parking_iosTests.swift in Sources */ = {isa = PBXBuildFile; fileRef = 7A2850B4229BC6E0009E6B54 /* parking_iosTests.swift */; };
		7A2850C0229BC6E0009E6B54 /* parking_iosUITests.swift in Sources */ = {isa = PBXBuildFile; fileRef = 7A2850BF229BC6E0009E6B54 /* parking_iosUITests.swift */; };
		A2814CC5B0E2566174A15E1A /* Pods_parking_ios.framework in Frameworks */ = {isa = PBXBuildFile; fileRef = DB224BA2BC94551C037303F2 /* Pods_parking_ios.framework */; };
		A60DFAC0CE84067BCBE44F4F /* Pods_parking_iosTests.framework in Frameworks */ = {isa = PBXBuildFile; fileRef = 79DB0D98ED321A00E6C66C6F /* Pods_parking_iosTests.framework */; };
		AE67AEAC618855FF45BB053C /* Pods_parking_iosUITests.framework in Frameworks */ = {isa = PBXBuildFile; fileRef = 172C671FA8D696200474EEAC /* Pods_parking_iosUITests.framework */; };
/* End PBXBuildFile section */

/* Begin PBXContainerItemProxy section */
		7A2850B1229BC6E0009E6B54 /* PBXContainerItemProxy */ = {
			isa = PBXContainerItemProxy;
			containerPortal = 7A285094229BC6DF009E6B54 /* Project object */;
			proxyType = 1;
			remoteGlobalIDString = 7A28509B229BC6DF009E6B54;
			remoteInfo = parking_ios;
		};
		7A2850BC229BC6E0009E6B54 /* PBXContainerItemProxy */ = {
			isa = PBXContainerItemProxy;
			containerPortal = 7A285094229BC6DF009E6B54 /* Project object */;
			proxyType = 1;
			remoteGlobalIDString = 7A28509B229BC6DF009E6B54;
			remoteInfo = parking_ios;
		};
/* End PBXContainerItemProxy section */

/* Begin PBXFileReference section */
		07B224EA8338F349AA972A0D /* Pods-parking_iosUITests.release.xcconfig */ = {isa = PBXFileReference; includeInIndex = 1; lastKnownFileType = text.xcconfig; name = "Pods-parking_iosUITests.release.xcconfig"; path = "Pods/Target Support Files/Pods-parking_iosUITests/Pods-parking_iosUITests.release.xcconfig"; sourceTree = "<group>"; };
		172C671FA8D696200474EEAC /* Pods_parking_iosUITests.framework */ = {isa = PBXFileReference; explicitFileType = wrapper.framework; includeInIndex = 0; path = Pods_parking_iosUITests.framework; sourceTree = BUILT_PRODUCTS_DIR; };
		2239CE8C5B330FEB0B0C2E34 /* Pods-parking_iosUITests.debug.xcconfig */ = {isa = PBXFileReference; includeInIndex = 1; lastKnownFileType = text.xcconfig; name = "Pods-parking_iosUITests.debug.xcconfig"; path = "Pods/Target Support Files/Pods-parking_iosUITests/Pods-parking_iosUITests.debug.xcconfig"; sourceTree = "<group>"; };
		41F22413CF898E30C8B9CFAB /* Pods-parking_iosTests.debug.xcconfig */ = {isa = PBXFileReference; includeInIndex = 1; lastKnownFileType = text.xcconfig; name = "Pods-parking_iosTests.debug.xcconfig"; path = "Pods/Target Support Files/Pods-parking_iosTests/Pods-parking_iosTests.debug.xcconfig"; sourceTree = "<group>"; };
		79DB0D98ED321A00E6C66C6F /* Pods_parking_iosTests.framework */ = {isa = PBXFileReference; explicitFileType = wrapper.framework; includeInIndex = 0; path = Pods_parking_iosTests.framework; sourceTree = BUILT_PRODUCTS_DIR; };
		7A28509C229BC6DF009E6B54 /* parking_ios.app */ = {isa = PBXFileReference; explicitFileType = wrapper.application; includeInIndex = 0; path = parking_ios.app; sourceTree = BUILT_PRODUCTS_DIR; };
		7A28509F229BC6DF009E6B54 /* AppDelegate.swift */ = {isa = PBXFileReference; lastKnownFileType = sourcecode.swift; path = AppDelegate.swift; sourceTree = "<group>"; };
		7A2850A1229BC6DF009E6B54 /* ViewController.swift */ = {isa = PBXFileReference; lastKnownFileType = sourcecode.swift; path = ViewController.swift; sourceTree = "<group>"; };
		7A2850A4229BC6DF009E6B54 /* Base */ = {isa = PBXFileReference; lastKnownFileType = file.storyboard; name = Base; path = Base.lproj/Main.storyboard; sourceTree = "<group>"; };
		7A2850A6229BC6E0009E6B54 /* Assets.xcassets */ = {isa = PBXFileReference; lastKnownFileType = folder.assetcatalog; path = Assets.xcassets; sourceTree = "<group>"; };
		7A2850A9229BC6E0009E6B54 /* Base */ = {isa = PBXFileReference; lastKnownFileType = file.storyboard; name = Base; path = Base.lproj/LaunchScreen.storyboard; sourceTree = "<group>"; };
		7A2850AB229BC6E0009E6B54 /* Info.plist */ = {isa = PBXFileReference; lastKnownFileType = text.plist.xml; path = Info.plist; sourceTree = "<group>"; };
		7A2850B0229BC6E0009E6B54 /* parking_iosTests.xctest */ = {isa = PBXFileReference; explicitFileType = wrapper.cfbundle; includeInIndex = 0; path = parking_iosTests.xctest; sourceTree = BUILT_PRODUCTS_DIR; };
		7A2850B4229BC6E0009E6B54 /* parking_iosTests.swift */ = {isa = PBXFileReference; lastKnownFileType = sourcecode.swift; path = parking_iosTests.swift; sourceTree = "<group>"; };
		7A2850B6229BC6E0009E6B54 /* Info.plist */ = {isa = PBXFileReference; lastKnownFileType = text.plist.xml; path = Info.plist; sourceTree = "<group>"; };
		7A2850BB229BC6E0009E6B54 /* parking_iosUITests.xctest */ = {isa = PBXFileReference; explicitFileType = wrapper.cfbundle; includeInIndex = 0; path = parking_iosUITests.xctest; sourceTree = BUILT_PRODUCTS_DIR; };
		7A2850BF229BC6E0009E6B54 /* parking_iosUITests.swift */ = {isa = PBXFileReference; lastKnownFileType = sourcecode.swift; path = parking_iosUITests.swift; sourceTree = "<group>"; };
		7A2850C1229BC6E0009E6B54 /* Info.plist */ = {isa = PBXFileReference; lastKnownFileType = text.plist.xml; path = Info.plist; sourceTree = "<group>"; };
		A1B947B232C645A62C92837B /* Pods-parking_ios.release.xcconfig */ = {isa = PBXFileReference; includeInIndex = 1; lastKnownFileType = text.xcconfig; name = "Pods-parking_ios.release.xcconfig"; path = "Pods/Target Support Files/Pods-parking_ios/Pods-parking_ios.release.xcconfig"; sourceTree = "<group>"; };
		C5D8AD1A654426961889E195 /* Pods-parking_ios.debug.xcconfig */ = {isa = PBXFileReference; includeInIndex = 1; lastKnownFileType = text.xcconfig; name = "Pods-parking_ios.debug.xcconfig"; path = "Pods/Target Support Files/Pods-parking_ios/Pods-parking_ios.debug.xcconfig"; sourceTree = "<group>"; };
		DB224BA2BC94551C037303F2 /* Pods_parking_ios.framework */ = {isa = PBXFileReference; explicitFileType = wrapper.framework; includeInIndex = 0; path = Pods_parking_ios.framework; sourceTree = BUILT_PRODUCTS_DIR; };
		F34FA4746E3AE96D14AFBEC4 /* Pods-parking_iosTests.release.xcconfig */ = {isa = PBXFileReference; includeInIndex = 1; lastKnownFileType = text.xcconfig; name = "Pods-parking_iosTests.release.xcconfig"; path = "Pods/Target Support Files/Pods-parking_iosTests/Pods-parking_iosTests.release.xcconfig"; sourceTree = "<group>"; };
/* End PBXFileReference section */

/* Begin PBXFrameworksBuildPhase section */
		7A285099229BC6DF009E6B54 /* Frameworks */ = {
			isa = PBXFrameworksBuildPhase;
			buildActionMask = 2147483647;
			files = (
				A2814CC5B0E2566174A15E1A /* Pods_parking_ios.framework in Frameworks */,
			);
			runOnlyForDeploymentPostprocessing = 0;
		};
		7A2850AD229BC6E0009E6B54 /* Frameworks */ = {
			isa = PBXFrameworksBuildPhase;
			buildActionMask = 2147483647;
			files = (
				A60DFAC0CE84067BCBE44F4F /* Pods_parking_iosTests.framework in Frameworks */,
			);
			runOnlyForDeploymentPostprocessing = 0;
		};
		7A2850B8229BC6E0009E6B54 /* Frameworks */ = {
			isa = PBXFrameworksBuildPhase;
			buildActionMask = 2147483647;
			files = (
				AE67AEAC618855FF45BB053C /* Pods_parking_iosUITests.framework in Frameworks */,
			);
			runOnlyForDeploymentPostprocessing = 0;
		};
/* End PBXFrameworksBuildPhase section */

/* Begin PBXGroup section */
		1E0CBE721140C31AEC65C24A /* Pods */ = {
			isa = PBXGroup;
			children = (
				C5D8AD1A654426961889E195 /* Pods-parking_ios.debug.xcconfig */,
				A1B947B232C645A62C92837B /* Pods-parking_ios.release.xcconfig */,
				41F22413CF898E30C8B9CFAB /* Pods-parking_iosTests.debug.xcconfig */,
				F34FA4746E3AE96D14AFBEC4 /* Pods-parking_iosTests.release.xcconfig */,
				2239CE8C5B330FEB0B0C2E34 /* Pods-parking_iosUITests.debug.xcconfig */,
				07B224EA8338F349AA972A0D /* Pods-parking_iosUITests.release.xcconfig */,
			);
			name = Pods;
			sourceTree = "<group>";
		};
		7A285093229BC6DF009E6B54 = {
			isa = PBXGroup;
			children = (
				7A28509E229BC6DF009E6B54 /* parking_ios */,
				7A2850B3229BC6E0009E6B54 /* parking_iosTests */,
				7A2850BE229BC6E0009E6B54 /* parking_iosUITests */,
				7A28509D229BC6DF009E6B54 /* Products */,
				1E0CBE721140C31AEC65C24A /* Pods */,
				FAA6FD28DFB0FEA4C46CBDAA /* Frameworks */,
			);
			sourceTree = "<group>";
		};
		7A28509D229BC6DF009E6B54 /* Products */ = {
			isa = PBXGroup;
			children = (
				7A28509C229BC6DF009E6B54 /* parking_ios.app */,
				7A2850B0229BC6E0009E6B54 /* parking_iosTests.xctest */,
				7A2850BB229BC6E0009E6B54 /* parking_iosUITests.xctest */,
			);
			name = Products;
			sourceTree = "<group>";
		};
		7A28509E229BC6DF009E6B54 /* parking_ios */ = {
			isa = PBXGroup;
			children = (
				7A28509F229BC6DF009E6B54 /* AppDelegate.swift */,
				7A2850A1229BC6DF009E6B54 /* ViewController.swift */,
				7A2850A3229BC6DF009E6B54 /* Main.storyboard */,
				7A2850A6229BC6E0009E6B54 /* Assets.xcassets */,
				7A2850A8229BC6E0009E6B54 /* LaunchScreen.storyboard */,
				7A2850AB229BC6E0009E6B54 /* Info.plist */,
			);
			path = parking_ios;
			sourceTree = "<group>";
		};
		7A2850B3229BC6E0009E6B54 /* parking_iosTests */ = {
			isa = PBXGroup;
			children = (
				7A2850B4229BC6E0009E6B54 /* parking_iosTests.swift */,
				7A2850B6229BC6E0009E6B54 /* Info.plist */,
			);
			path = parking_iosTests;
			sourceTree = "<group>";
		};
		7A2850BE229BC6E0009E6B54 /* parking_iosUITests */ = {
			isa = PBXGroup;
			children = (
				7A2850BF229BC6E0009E6B54 /* parking_iosUITests.swift */,
				7A2850C1229BC6E0009E6B54 /* Info.plist */,
			);
			path = parking_iosUITests;
			sourceTree = "<group>";
		};
		FAA6FD28DFB0FEA4C46CBDAA /* Frameworks */ = {
			isa = PBXGroup;
			children = (
				DB224BA2BC94551C037303F2 /* Pods_parking_ios.framework */,
				79DB0D98ED321A00E6C66C6F /* Pods_parking_iosTests.framework */,
				172C671FA8D696200474EEAC /* Pods_parking_iosUITests.framework */,
			);
			name = Frameworks;
			sourceTree = "<group>";
		};
/* End PBXGroup section */

/* Begin PBXNativeTarget section */
		7A28509B229BC6DF009E6B54 /* parking_ios */ = {
			isa = PBXNativeTarget;
			buildConfigurationList = 7A2850C4229BC6E0009E6B54 /* Build configuration list for PBXNativeTarget "parking_ios" */;
			buildPhases = (
				06B35CE7D6254F4ED223892F /* [CP] Check Pods Manifest.lock */,
				7A285098229BC6DF009E6B54 /* Sources */,
				7A285099229BC6DF009E6B54 /* Frameworks */,
				7A28509A229BC6DF009E6B54 /* Resources */,
			);
			buildRules = (
			);
			dependencies = (
			);
			name = parking_ios;
			productName = parking_ios;
			productReference = 7A28509C229BC6DF009E6B54 /* parking_ios.app */;
			productType = "com.apple.product-type.application";
		};
		7A2850AF229BC6E0009E6B54 /* parking_iosTests */ = {
			isa = PBXNativeTarget;
			buildConfigurationList = 7A2850C7229BC6E0009E6B54 /* Build configuration list for PBXNativeTarget "parking_iosTests" */;
			buildPhases = (
				84CEA369431827C185988B76 /* [CP] Check Pods Manifest.lock */,
				7A2850AC229BC6E0009E6B54 /* Sources */,
				7A2850AD229BC6E0009E6B54 /* Frameworks */,
				7A2850AE229BC6E0009E6B54 /* Resources */,
			);
			buildRules = (
			);
			dependencies = (
				7A2850B2229BC6E0009E6B54 /* PBXTargetDependency */,
			);
			name = parking_iosTests;
			productName = parking_iosTests;
			productReference = 7A2850B0229BC6E0009E6B54 /* parking_iosTests.xctest */;
			productType = "com.apple.product-type.bundle.unit-test";
		};
		7A2850BA229BC6E0009E6B54 /* parking_iosUITests */ = {
			isa = PBXNativeTarget;
			buildConfigurationList = 7A2850CA229BC6E0009E6B54 /* Build configuration list for PBXNativeTarget "parking_iosUITests" */;
			buildPhases = (
				74C50092A42162A111D57D07 /* [CP] Check Pods Manifest.lock */,
				7A2850B7229BC6E0009E6B54 /* Sources */,
				7A2850B8229BC6E0009E6B54 /* Frameworks */,
				7A2850B9229BC6E0009E6B54 /* Resources */,
			);
			buildRules = (
			);
			dependencies = (
				7A2850BD229BC6E0009E6B54 /* PBXTargetDependency */,
			);
			name = parking_iosUITests;
			productName = parking_iosUITests;
			productReference = 7A2850BB229BC6E0009E6B54 /* parking_iosUITests.xctest */;
			productType = "com.apple.product-type.bundle.ui-testing";
		};
/* End PBXNativeTarget section */

/* Begin PBXProject section */
		7A285094229BC6DF009E6B54 /* Project object */ = {
			isa = PBXProject;
			attributes = {
				LastSwiftUpdateCheck = 1020;
				LastUpgradeCheck = 1020;
				ORGANIZATIONNAME = "Ellan Esenaliev";
				TargetAttributes = {
					7A28509B229BC6DF009E6B54 = {
						CreatedOnToolsVersion = 10.2.1;
					};
					7A2850AF229BC6E0009E6B54 = {
						CreatedOnToolsVersion = 10.2.1;
						TestTargetID = 7A28509B229BC6DF009E6B54;
					};
					7A2850BA229BC6E0009E6B54 = {
						CreatedOnToolsVersion = 10.2.1;
						TestTargetID = 7A28509B229BC6DF009E6B54;
					};
				};
			};
			buildConfigurationList = 7A285097229BC6DF009E6B54 /* Build configuration list for PBXProject "parking_ios" */;
			compatibilityVersion = "Xcode 9.3";
			developmentRegion = en;
			hasScannedForEncodings = 0;
			knownRegions = (
				en,
				Base,
			);
			mainGroup = 7A285093229BC6DF009E6B54;
			productRefGroup = 7A28509D229BC6DF009E6B54 /* Products */;
			projectDirPath = "";
			projectRoot = "";
			targets = (
				7A28509B229BC6DF009E6B54 /* parking_ios */,
				7A2850AF229BC6E0009E6B54 /* parking_iosTests */,
				7A2850BA229BC6E0009E6B54 /* parking_iosUITests */,
			);
		};
/* End PBXProject section */

/* Begin PBXResourcesBuildPhase section */
		7A28509A229BC6DF009E6B54 /* Resources */ = {
			isa = PBXResourcesBuildPhase;
			buildActionMask = 2147483647;
			files = (
				7A2850AA229BC6E0009E6B54 /* LaunchScreen.storyboard in Resources */,
				7A2850A7229BC6E0009E6B54 /* Assets.xcassets in Resources */,
				7A2850A5229BC6DF009E6B54 /* Main.storyboard in Resources */,
			);
			runOnlyForDeploymentPostprocessing = 0;
		};
		7A2850AE229BC6E0009E6B54 /* Resources */ = {
			isa = PBXResourcesBuildPhase;
			buildActionMask = 2147483647;
			files = (
			);
			runOnlyForDeploymentPostprocessing = 0;
		};
		7A2850B9229BC6E0009E6B54 /* Resources */ = {
			isa = PBXResourcesBuildPhase;
			buildActionMask = 2147483647;
			files = (
			);
			runOnlyForDeploymentPostprocessing = 0;
		};
/* End PBXResourcesBuildPhase section */

/* Begin PBXShellScriptBuildPhase section */
		06B35CE7D6254F4ED223892F /* [CP] Check Pods Manifest.lock */ = {
			isa = PBXShellScriptBuildPhase;
			buildActionMask = 2147483647;
			files = (
			);
			inputFileListPaths = (
			);
			inputPaths = (
				"${PODS_PODFILE_DIR_PATH}/Podfile.lock",
				"${PODS_ROOT}/Manifest.lock",
			);
			name = "[CP] Check Pods Manifest.lock";
			outputFileListPaths = (
			);
			outputPaths = (
				"$(DERIVED_FILE_DIR)/Pods-parking_ios-checkManifestLockResult.txt",
			);
			runOnlyForDeploymentPostprocessing = 0;
			shellPath = /bin/sh;
			shellScript = "diff \"${PODS_PODFILE_DIR_PATH}/Podfile.lock\" \"${PODS_ROOT}/Manifest.lock\" > /dev/null\nif [ $? != 0 ] ; then\n    # print error to STDERR\n    echo \"error: The sandbox is not in sync with the Podfile.lock. Run 'pod install' or update your CocoaPods installation.\" >&2\n    exit 1\nfi\n# This output is used by Xcode 'outputs' to avoid re-running this script phase.\necho \"SUCCESS\" > \"${SCRIPT_OUTPUT_FILE_0}\"\n";
			showEnvVarsInLog = 0;
		};
		74C50092A42162A111D57D07 /* [CP] Check Pods Manifest.lock */ = {
			isa = PBXShellScriptBuildPhase;
			buildActionMask = 2147483647;
			files = (
			);
			inputFileListPaths = (
			);
			inputPaths = (
				"${PODS_PODFILE_DIR_PATH}/Podfile.lock",
				"${PODS_ROOT}/Manifest.lock",
			);
			name = "[CP] Check Pods Manifest.lock";
			outputFileListPaths = (
			);
			outputPaths = (
				"$(DERIVED_FILE_DIR)/Pods-parking_iosUITests-checkManifestLockResult.txt",
			);
			runOnlyForDeploymentPostprocessing = 0;
			shellPath = /bin/sh;
			shellScript = "diff \"${PODS_PODFILE_DIR_PATH}/Podfile.lock\" \"${PODS_ROOT}/Manifest.lock\" > /dev/null\nif [ $? != 0 ] ; then\n    # print error to STDERR\n    echo \"error: The sandbox is not in sync with the Podfile.lock. Run 'pod install' or update your CocoaPods installation.\" >&2\n    exit 1\nfi\n# This output is used by Xcode 'outputs' to avoid re-running this script phase.\necho \"SUCCESS\" > \"${SCRIPT_OUTPUT_FILE_0}\"\n";
			showEnvVarsInLog = 0;
		};
		84CEA369431827C185988B76 /* [CP] Check Pods Manifest.lock */ = {
			isa = PBXShellScriptBuildPhase;
			buildActionMask = 2147483647;
			files = (
			);
			inputFileListPaths = (
			);
			inputPaths = (
				"${PODS_PODFILE_DIR_PATH}/Podfile.lock",
				"${PODS_ROOT}/Manifest.lock",
			);
			name = "[CP] Check Pods Manifest.lock";
			outputFileListPaths = (
			);
			outputPaths = (
				"$(DERIVED_FILE_DIR)/Pods-parking_iosTests-checkManifestLockResult.txt",
			);
			runOnlyForDeploymentPostprocessing = 0;
			shellPath = /bin/sh;
			shellScript = "diff \"${PODS_PODFILE_DIR_PATH}/Podfile.lock\" \"${PODS_ROOT}/Manifest.lock\" > /dev/null\nif [ $? != 0 ] ; then\n    # print error to STDERR\n    echo \"error: The sandbox is not in sync with the Podfile.lock. Run 'pod install' or update your CocoaPods installation.\" >&2\n    exit 1\nfi\n# This output is used by Xcode 'outputs' to avoid re-running this script phase.\necho \"SUCCESS\" > \"${SCRIPT_OUTPUT_FILE_0}\"\n";
			showEnvVarsInLog = 0;
		};
/* End PBXShellScriptBuildPhase section */

/* Begin PBXSourcesBuildPhase section */
		7A285098229BC6DF009E6B54 /* Sources */ = {
			isa = PBXSourcesBuildPhase;
			buildActionMask = 2147483647;
			files = (
				7A2850A2229BC6DF009E6B54 /* ViewController.swift in Sources */,
				7A2850A0229BC6DF009E6B54 /* AppDelegate.swift in Sources */,
			);
			runOnlyForDeploymentPostprocessing = 0;
		};
		7A2850AC229BC6E0009E6B54 /* Sources */ = {
			isa = PBXSourcesBuildPhase;
			buildActionMask = 2147483647;
			files = (
				7A2850B5229BC6E0009E6B54 /* parking_iosTests.swift in Sources */,
			);
			runOnlyForDeploymentPostprocessing = 0;
		};
		7A2850B7229BC6E0009E6B54 /* Sources */ = {
			isa = PBXSourcesBuildPhase;
			buildActionMask = 2147483647;
			files = (
				7A2850C0229BC6E0009E6B54 /* parking_iosUITests.swift in Sources */,
			);
			runOnlyForDeploymentPostprocessing = 0;
		};
/* End PBXSourcesBuildPhase section */

/* Begin PBXTargetDependency section */
		7A2850B2229BC6E0009E6B54 /* PBXTargetDependency */ = {
			isa = PBXTargetDependency;
			target = 7A28509B229BC6DF009E6B54 /* parking_ios */;
			targetProxy = 7A2850B1229BC6E0009E6B54 /* PBXContainerItemProxy */;
		};
		7A2850BD229BC6E0009E6B54 /* PBXTargetDependency */ = {
			isa = PBXTargetDependency;
			target = 7A28509B229BC6DF009E6B54 /* parking_ios */;
			targetProxy = 7A2850BC229BC6E0009E6B54 /* PBXContainerItemProxy */;
		};
/* End PBXTargetDependency section */

/* Begin PBXVariantGroup section */
		7A2850A3229BC6DF009E6B54 /* Main.storyboard */ = {
			isa = PBXVariantGroup;
			children = (
				7A2850A4229BC6DF009E6B54 /* Base */,
			);
			name = Main.storyboard;
			sourceTree = "<group>";
		};
		7A2850A8229BC6E0009E6B54 /* LaunchScreen.storyboard */ = {
			isa = PBXVariantGroup;
			children = (
				7A2850A9229BC6E0009E6B54 /* Base */,
			);
			name = LaunchScreen.storyboard;
			sourceTree = "<group>";
		};
/* End PBXVariantGroup section */

/* Begin XCBuildConfiguration section */
		7A2850C2229BC6E0009E6B54 /* Debug */ = {
			isa = XCBuildConfiguration;
			buildSettings = {
				ALWAYS_SEARCH_USER_PATHS = NO;
				CLANG_ANALYZER_NONNULL = YES;
				CLANG_ANALYZER_NUMBER_OBJECT_CONVERSION = YES_AGGRESSIVE;
				CLANG_CXX_LANGUAGE_STANDARD = "gnu++14";
				CLANG_CXX_LIBRARY = "libc++";
				CLANG_ENABLE_MODULES = YES;
				CLANG_ENABLE_OBJC_ARC = YES;
				CLANG_ENABLE_OBJC_WEAK = YES;
				CLANG_WARN_BLOCK_CAPTURE_AUTORELEASING = YES;
				CLANG_WARN_BOOL_CONVERSION = YES;
				CLANG_WARN_COMMA = YES;
				CLANG_WARN_CONSTANT_CONVERSION = YES;
				CLANG_WARN_DEPRECATED_OBJC_IMPLEMENTATIONS = YES;
				CLANG_WARN_DIRECT_OBJC_ISA_USAGE = YES_ERROR;
				CLANG_WARN_DOCUMENTATION_COMMENTS = YES;
				CLANG_WARN_EMPTY_BODY = YES;
				CLANG_WARN_ENUM_CONVERSION = YES;
				CLANG_WARN_INFINITE_RECURSION = YES;
				CLANG_WARN_INT_CONVERSION = YES;
				CLANG_WARN_NON_LITERAL_NULL_CONVERSION = YES;
				CLANG_WARN_OBJC_IMPLICIT_RETAIN_SELF = YES;
				CLANG_WARN_OBJC_LITERAL_CONVERSION = YES;
				CLANG_WARN_OBJC_ROOT_CLASS = YES_ERROR;
				CLANG_WARN_RANGE_LOOP_ANALYSIS = YES;
				CLANG_WARN_STRICT_PROTOTYPES = YES;
				CLANG_WARN_SUSPICIOUS_MOVE = YES;
				CLANG_WARN_UNGUARDED_AVAILABILITY = YES_AGGRESSIVE;
				CLANG_WARN_UNREACHABLE_CODE = YES;
				CLANG_WARN__DUPLICATE_METHOD_MATCH = YES;
				CODE_SIGN_IDENTITY = "iPhone Developer";
				COPY_PHASE_STRIP = NO;
				DEBUG_INFORMATION_FORMAT = dwarf;
				ENABLE_STRICT_OBJC_MSGSEND = YES;
				ENABLE_TESTABILITY = YES;
				GCC_C_LANGUAGE_STANDARD = gnu11;
				GCC_DYNAMIC_NO_PIC = NO;
				GCC_NO_COMMON_BLOCKS = YES;
				GCC_OPTIMIZATION_LEVEL = 0;
				GCC_PREPROCESSOR_DEFINITIONS = (
					"DEBUG=1",
					"$(inherited)",
				);
				GCC_WARN_64_TO_32_BIT_CONVERSION = YES;
				GCC_WARN_ABOUT_RETURN_TYPE = YES_ERROR;
				GCC_WARN_UNDECLARED_SELECTOR = YES;
				GCC_WARN_UNINITIALIZED_AUTOS = YES_AGGRESSIVE;
				GCC_WARN_UNUSED_FUNCTION = YES;
				GCC_WARN_UNUSED_VARIABLE = YES;
				IPHONEOS_DEPLOYMENT_TARGET = 12.2;
				MTL_ENABLE_DEBUG_INFO = INCLUDE_SOURCE;
				MTL_FAST_MATH = YES;
				ONLY_ACTIVE_ARCH = YES;
				SDKROOT = iphoneos;
				SWIFT_ACTIVE_COMPILATION_CONDITIONS = DEBUG;
				SWIFT_OPTIMIZATION_LEVEL = "-Onone";
			};
			name = Debug;
		};
		7A2850C3229BC6E0009E6B54 /* Release */ = {
			isa = XCBuildConfiguration;
			buildSettings = {
				ALWAYS_SEARCH_USER_PATHS = NO;
				CLANG_ANALYZER_NONNULL = YES;
				CLANG_ANALYZER_NUMBER_OBJECT_CONVERSION = YES_AGGRESSIVE;
				CLANG_CXX_LANGUAGE_STANDARD = "gnu++14";
				CLANG_CXX_LIBRARY = "libc++";
				CLANG_ENABLE_MODULES = YES;
				CLANG_ENABLE_OBJC_ARC = YES;
				CLANG_ENABLE_OBJC_WEAK = YES;
				CLANG_WARN_BLOCK_CAPTURE_AUTORELEASING = YES;
				CLANG_WARN_BOOL_CONVERSION = YES;
				CLANG_WARN_COMMA = YES;
				CLANG_WARN_CONSTANT_CONVERSION = YES;
				CLANG_WARN_DEPRECATED_OBJC_IMPLEMENTATIONS = YES;
				CLANG_WARN_DIRECT_OBJC_ISA_USAGE = YES_ERROR;
				CLANG_WARN_DOCUMENTATION_COMMENTS = YES;
				CLANG_WARN_EMPTY_BODY = YES;
				CLANG_WARN_ENUM_CONVERSION = YES;
				CLANG_WARN_INFINITE_RECURSION = YES;
				CLANG_WARN_INT_CONVERSION = YES;
				CLANG_WARN_NON_LITERAL_NULL_CONVERSION = YES;
				CLANG_WARN_OBJC_IMPLICIT_RETAIN_SELF = YES;
				CLANG_WARN_OBJC_LITERAL_CONVERSION = YES;
				CLANG_WARN_OBJC_ROOT_CLASS = YES_ERROR;
				CLANG_WARN_RANGE_LOOP_ANALYSIS = YES;
				CLANG_WARN_STRICT_PROTOTYPES = YES;
				CLANG_WARN_SUSPICIOUS_MOVE = YES;
				CLANG_WARN_UNGUARDED_AVAILABILITY = YES_AGGRESSIVE;
				CLANG_WARN_UNREACHABLE_CODE = YES;
				CLANG_WARN__DUPLICATE_METHOD_MATCH = YES;
				CODE_SIGN_IDENTITY = "iPhone Developer";
				COPY_PHASE_STRIP = NO;
				DEBUG_INFORMATION_FORMAT = "dwarf-with-dsym";
				ENABLE_NS_ASSERTIONS = NO;
				ENABLE_STRICT_OBJC_MSGSEND = YES;
				GCC_C_LANGUAGE_STANDARD = gnu11;
				GCC_NO_COMMON_BLOCKS = YES;
				GCC_WARN_64_TO_32_BIT_CONVERSION = YES;
				GCC_WARN_ABOUT_RETURN_TYPE = YES_ERROR;
				GCC_WARN_UNDECLARED_SELECTOR = YES;
				GCC_WARN_UNINITIALIZED_AUTOS = YES_AGGRESSIVE;
				GCC_WARN_UNUSED_FUNCTION = YES;
				GCC_WARN_UNUSED_VARIABLE = YES;
				IPHONEOS_DEPLOYMENT_TARGET = 12.2;
				MTL_ENABLE_DEBUG_INFO = NO;
				MTL_FAST_MATH = YES;
				SDKROOT = iphoneos;
				SWIFT_COMPILATION_MODE = wholemodule;
				SWIFT_OPTIMIZATION_LEVEL = "-O";
				VALIDATE_PRODUCT = YES;
			};
			name = Release;
		};
		7A2850C5229BC6E0009E6B54 /* Debug */ = {
			isa = XCBuildConfiguration;
			baseConfigurationReference = C5D8AD1A654426961889E195 /* Pods-parking_ios.debug.xcconfig */;
			buildSettings = {
				ASSETCATALOG_COMPILER_APPICON_NAME = AppIcon;
				CODE_SIGN_STYLE = Automatic;
				DEVELOPMENT_TEAM = P69BU7AB3U;
				INFOPLIST_FILE = parking_ios/Info.plist;
				LD_RUNPATH_SEARCH_PATHS = (
					"$(inherited)",
					"@executable_path/Frameworks",
				);
				PRODUCT_BUNDLE_IDENTIFIER = "com.gn.parking-ios";
				PRODUCT_NAME = "$(TARGET_NAME)";
				SWIFT_VERSION = 5.0;
				TARGETED_DEVICE_FAMILY = "1,2";
			};
			name = Debug;
		};
		7A2850C6229BC6E0009E6B54 /* Release */ = {
			isa = XCBuildConfiguration;
			baseConfigurationReference = A1B947B232C645A62C92837B /* Pods-parking_ios.release.xcconfig */;
			buildSettings = {
				ASSETCATALOG_COMPILER_APPICON_NAME = AppIcon;
				CODE_SIGN_STYLE = Automatic;
				DEVELOPMENT_TEAM = P69BU7AB3U;
				INFOPLIST_FILE = parking_ios/Info.plist;
				LD_RUNPATH_SEARCH_PATHS = (
					"$(inherited)",
					"@executable_path/Frameworks",
				);
				PRODUCT_BUNDLE_IDENTIFIER = "com.gn.parking-ios";
				PRODUCT_NAME = "$(TARGET_NAME)";
				SWIFT_VERSION = 5.0;
				TARGETED_DEVICE_FAMILY = "1,2";
			};
			name = Release;
		};
		7A2850C8229BC6E0009E6B54 /* Debug */ = {
			isa = XCBuildConfiguration;
			baseConfigurationReference = 41F22413CF898E30C8B9CFAB /* Pods-parking_iosTests.debug.xcconfig */;
			buildSettings = {
				ALWAYS_EMBED_SWIFT_STANDARD_LIBRARIES = YES;
				BUNDLE_LOADER = "$(TEST_HOST)";
				CODE_SIGN_STYLE = Automatic;
				DEVELOPMENT_TEAM = P69BU7AB3U;
				INFOPLIST_FILE = parking_iosTests/Info.plist;
				LD_RUNPATH_SEARCH_PATHS = (
					"$(inherited)",
					"@executable_path/Frameworks",
					"@loader_path/Frameworks",
				);
				PRODUCT_BUNDLE_IDENTIFIER = "com.gn.parking-iosTests";
				PRODUCT_NAME = "$(TARGET_NAME)";
				SWIFT_VERSION = 5.0;
				TARGETED_DEVICE_FAMILY = "1,2";
				TEST_HOST = "$(BUILT_PRODUCTS_DIR)/parking_ios.app/parking_ios";
			};
			name = Debug;
		};
		7A2850C9229BC6E0009E6B54 /* Release */ = {
			isa = XCBuildConfiguration;
			baseConfigurationReference = F34FA4746E3AE96D14AFBEC4 /* Pods-parking_iosTests.release.xcconfig */;
			buildSettings = {
				ALWAYS_EMBED_SWIFT_STANDARD_LIBRARIES = YES;
				BUNDLE_LOADER = "$(TEST_HOST)";
				CODE_SIGN_STYLE = Automatic;
				DEVELOPMENT_TEAM = P69BU7AB3U;
				INFOPLIST_FILE = parking_iosTests/Info.plist;
				LD_RUNPATH_SEARCH_PATHS = (
					"$(inherited)",
					"@executable_path/Frameworks",
					"@loader_path/Frameworks",
				);
				PRODUCT_BUNDLE_IDENTIFIER = "com.gn.parking-iosTests";
				PRODUCT_NAME = "$(TARGET_NAME)";
				SWIFT_VERSION = 5.0;
				TARGETED_DEVICE_FAMILY = "1,2";
				TEST_HOST = "$(BUILT_PRODUCTS_DIR)/parking_ios.app/parking_ios";
			};
			name = Release;
		};
		7A2850CB229BC6E0009E6B54 /* Debug */ = {
			isa = XCBuildConfiguration;
			baseConfigurationReference = 2239CE8C5B330FEB0B0C2E34 /* Pods-parking_iosUITests.debug.xcconfig */;
			buildSettings = {
				ALWAYS_EMBED_SWIFT_STANDARD_LIBRARIES = YES;
				CODE_SIGN_STYLE = Automatic;
				DEVELOPMENT_TEAM = P69BU7AB3U;
				INFOPLIST_FILE = parking_iosUITests/Info.plist;
				LD_RUNPATH_SEARCH_PATHS = (
					"$(inherited)",
					"@executable_path/Frameworks",
					"@loader_path/Frameworks",
				);
				PRODUCT_BUNDLE_IDENTIFIER = "com.gn.parking-iosUITests";
				PRODUCT_NAME = "$(TARGET_NAME)";
				SWIFT_VERSION = 5.0;
				TARGETED_DEVICE_FAMILY = "1,2";
				TEST_TARGET_NAME = parking_ios;
			};
			name = Debug;
		};
		7A2850CC229BC6E0009E6B54 /* Release */ = {
			isa = XCBuildConfiguration;
			baseConfigurationReference = 07B224EA8338F349AA972A0D /* Pods-parking_iosUITests.release.xcconfig */;
			buildSettings = {
				ALWAYS_EMBED_SWIFT_STANDARD_LIBRARIES = YES;
				CODE_SIGN_STYLE = Automatic;
				DEVELOPMENT_TEAM = P69BU7AB3U;
				INFOPLIST_FILE = parking_iosUITests/Info.plist;
				LD_RUNPATH_SEARCH_PATHS = (
					"$(inherited)",
					"@executable_path/Frameworks",
					"@loader_path/Frameworks",
				);
				PRODUCT_BUNDLE_IDENTIFIER = "com.gn.parking-iosUITests";
				PRODUCT_NAME = "$(TARGET_NAME)";
				SWIFT_VERSION = 5.0;
				TARGETED_DEVICE_FAMILY = "1,2";
				TEST_TARGET_NAME = parking_ios;
			};
			name = Release;
		};
/* End XCBuildConfiguration section */

/* Begin XCConfigurationList section */
		7A285097229BC6DF009E6B54 /* Build configuration list for PBXProject "parking_ios" */ = {
			isa = XCConfigurationList;
			buildConfigurations = (
				7A2850C2229BC6E0009E6B54 /* Debug */,
				7A2850C3229BC6E0009E6B54 /* Release */,
			);
			defaultConfigurationIsVisible = 0;
			defaultConfigurationName = Release;
		};
		7A2850C4229BC6E0009E6B54 /* Build configuration list for PBXNativeTarget "parking_ios" */ = {
			isa = XCConfigurationList;
			buildConfigurations = (
				7A2850C5229BC6E0009E6B54 /* Debug */,
				7A2850C6229BC6E0009E6B54 /* Release */,
			);
			defaultConfigurationIsVisible = 0;
			defaultConfigurationName = Release;
		};
		7A2850C7229BC6E0009E6B54 /* Build configuration list for PBXNativeTarget "parking_iosTests" */ = {
			isa = XCConfigurationList;
			buildConfigurations = (
				7A2850C8229BC6E0009E6B54 /* Debug */,
				7A2850C9229BC6E0009E6B54 /* Release */,
			);
			defaultConfigurationIsVisible = 0;
			defaultConfigurationName = Release;
		};
		7A2850CA229BC6E0009E6B54 /* Build configuration list for PBXNativeTarget "parking_iosUITests" */ = {
			isa = XCConfigurationList;
			buildConfigurations = (
				7A2850CB229BC6E0009E6B54 /* Debug */,
				7A2850CC229BC6E0009E6B54 /* Release */,
			);
			defaultConfigurationIsVisible = 0;
			defaultConfigurationName = Release;
		};
/* End XCConfigurationList section */
	};
	rootObject = 7A285094229BC6DF009E6B54 /* Project object */;
}
